// !$*UTF8*$!
{
	archiveVersion = 1;
	classes = {
	};
	objectVersion = 50;
	objects = {

/* Begin PBXBuildFile section */
		4998AECA2463FBE80009D973 /* AppDelegate.swift in Sources */ = {isa = PBXBuildFile; fileRef = 4998AEC92463FBE80009D973 /* AppDelegate.swift */; };
		4998AECC2463FBE80009D973 /* SceneDelegate.swift in Sources */ = {isa = PBXBuildFile; fileRef = 4998AECB2463FBE80009D973 /* SceneDelegate.swift */; };
		4998AECE2463FBE80009D973 /* ViewController.swift in Sources */ = {isa = PBXBuildFile; fileRef = 4998AECD2463FBE80009D973 /* ViewController.swift */; };
		4998AED12463FBE80009D973 /* Main.storyboard in Resources */ = {isa = PBXBuildFile; fileRef = 4998AECF2463FBE80009D973 /* Main.storyboard */; };
		4998AED32463FBEA0009D973 /* Assets.xcassets in Resources */ = {isa = PBXBuildFile; fileRef = 4998AED22463FBEA0009D973 /* Assets.xcassets */; };
		4998AED62463FBEA0009D973 /* LaunchScreen.storyboard in Resources */ = {isa = PBXBuildFile; fileRef = 4998AED42463FBEA0009D973 /* LaunchScreen.storyboard */; };
		4998AEDE2463FE290009D973 /* SecondViewController.swift in Sources */ = {isa = PBXBuildFile; fileRef = 4998AEDD2463FE290009D973 /* SecondViewController.swift */; };
		4998AEE22463FF310009D973 /* cat.jpeg in Resources */ = {isa = PBXBuildFile; fileRef = 4998AEDF2463FF310009D973 /* cat.jpeg */; };
		4998AEE32463FF310009D973 /* dog.jpeg in Resources */ = {isa = PBXBuildFile; fileRef = 4998AEE02463FF310009D973 /* dog.jpeg */; };
		4998AEE42463FF310009D973 /* bird.jpeg in Resources */ = {isa = PBXBuildFile; fileRef = 4998AEE12463FF310009D973 /* bird.jpeg */; };
/* End PBXBuildFile section */

/* Begin PBXFileReference section */
		4998AEC62463FBE80009D973 /* segue.app */ = {isa = PBXFileReference; explicitFileType = wrapper.application; includeInIndex = 0; path = segue.app; sourceTree = BUILT_PRODUCTS_DIR; };
		4998AEC92463FBE80009D973 /* AppDelegate.swift */ = {isa = PBXFileReference; lastKnownFileType = sourcecode.swift; path = AppDelegate.swift; sourceTree = "<group>"; };
		4998AECB2463FBE80009D973 /* SceneDelegate.swift */ = {isa = PBXFileReference; lastKnownFileType = sourcecode.swift; path = SceneDelegate.swift; sourceTree = "<group>"; };
		4998AECD2463FBE80009D973 /* ViewController.swift */ = {isa = PBXFileReference; lastKnownFileType = sourcecode.swift; path = ViewController.swift; sourceTree = "<group>"; };
		4998AED02463FBE80009D973 /* Base */ = {isa = PBXFileReference; lastKnownFileType = file.storyboard; name = Base; path = Base.lproj/Main.storyboard; sourceTree = "<group>"; };
		4998AED22463FBEA0009D973 /* Assets.xcassets */ = {isa = PBXFileReference; lastKnownFileType = folder.assetcatalog; path = Assets.xcassets; sourceTree = "<group>"; };
		4998AED52463FBEA0009D973 /* Base */ = {isa = PBXFileReference; lastKnownFileType = file.storyboard; name = Base; path = Base.lproj/LaunchScreen.storyboard; sourceTree = "<group>"; };
		4998AED72463FBEA0009D973 /* Info.plist */ = {isa = PBXFileReference; lastKnownFileType = text.plist.xml; path = Info.plist; sourceTree = "<group>"; };
		4998AEDD2463FE290009D973 /* SecondViewController.swift */ = {isa = PBXFileReference; lastKnownFileType = sourcecode.swift; path = SecondViewController.swift; sourceTree = "<group>"; };
		4998AEDF2463FF310009D973 /* cat.jpeg */ = {isa = PBXFileReference; lastKnownFileType = image.jpeg; path = cat.jpeg; sourceTree = "<group>"; };
		4998AEE02463FF310009D973 /* dog.jpeg */ = {isa = PBXFileReference; lastKnownFileType = image.jpeg; path = dog.jpeg; sourceTree = "<group>"; };
		4998AEE12463FF310009D973 /* bird.jpeg */ = {isa = PBXFileReference; lastKnownFileType = image.jpeg; path = bird.jpeg; sourceTree = "<group>"; };
/* End PBXFileReference section */

/* Begin PBXFrameworksBuildPhase section */
		4998AEC32463FBE80009D973 /* Frameworks */ = {
			isa = PBXFrameworksBuildPhase;
			buildActionMask = 2147483647;
			files = (
			);
			runOnlyForDeploymentPostprocessing = 0;
		};
/* End PBXFrameworksBuildPhase section */

/* Begin PBXGroup section */
		4998AEBD2463FBE80009D973 = {
			isa = PBXGroup;
			children = (
				4998AEC82463FBE80009D973 /* segue */,
				4998AEC72463FBE80009D973 /* Products */,
			);
			sourceTree = "<group>";
		};
		4998AEC72463FBE80009D973 /* Products */ = {
			isa = PBXGroup;
			children = (
				4998AEC62463FBE80009D973 /* segue.app */,
			);
			name = Products;
			sourceTree = "<group>";
		};
		4998AEC82463FBE80009D973 /* segue */ = {
			isa = PBXGroup;
			children = (
				4998AEC92463FBE80009D973 /* AppDelegate.swift */,
				4998AECB2463FBE80009D973 /* SceneDelegate.swift */,
				4998AECD2463FBE80009D973 /* ViewController.swift */,
				4998AEDD2463FE290009D973 /* SecondViewController.swift */,
				4998AECF2463FBE80009D973 /* Main.storyboard */,
				4998AED22463FBEA0009D973 /* Assets.xcassets */,
				4998AED42463FBEA0009D973 /* LaunchScreen.storyboard */,
				4998AED72463FBEA0009D973 /* Info.plist */,
				4998AEE02463FF310009D973 /* dog.jpeg */,
				4998AEDF2463FF310009D973 /* cat.jpeg */,
				4998AEE12463FF310009D973 /* bird.jpeg */,
			);
			path = segue;
			sourceTree = "<group>";
		};
/* End PBXGroup section */

/* Begin PBXNativeTarget section */
		4998AEC52463FBE80009D973 /* segue */ = {
			isa = PBXNativeTarget;
			buildConfigurationList = 4998AEDA2463FBEA0009D973 /* Build configuration list for PBXNativeTarget "segue" */;
			buildPhases = (
				4998AEC22463FBE80009D973 /* Sources */,
				4998AEC32463FBE80009D973 /* Frameworks */,
				4998AEC42463FBE80009D973 /* Resources */,
			);
			buildRules = (
			);
			dependencies = (
			);
			name = segue;
			productName = segue;
			productReference = 4998AEC62463FBE80009D973 /* segue.app */;
			productType = "com.apple.product-type.application";
		};
/* End PBXNativeTarget section */

/* Begin PBXProject section */
		4998AEBE2463FBE80009D973 /* Project object */ = {
			isa = PBXProject;
			attributes = {
				LastSwiftUpdateCheck = 1140;
				LastUpgradeCheck = 1140;
				ORGANIZATIONNAME = jwlee;
				TargetAttributes = {
					4998AEC52463FBE80009D973 = {
						CreatedOnToolsVersion = 11.4.1;
					};
				};
			};
			buildConfigurationList = 4998AEC12463FBE80009D973 /* Build configuration list for PBXProject "segue" */;
			compatibilityVersion = "Xcode 9.3";
			developmentRegion = en;
			hasScannedForEncodings = 0;
			knownRegions = (
				en,
				Base,
			);
			mainGroup = 4998AEBD2463FBE80009D973;
			productRefGroup = 4998AEC72463FBE80009D973 /* Products */;
			projectDirPath = "";
			projectRoot = "";
			targets = (
				4998AEC52463FBE80009D973 /* segue */,
			);
		};
/* End PBXProject section */

/* Begin PBXResourcesBuildPhase section */
		4998AEC42463FBE80009D973 /* Resources */ = {
			isa = PBXResourcesBuildPhase;
			buildActionMask = 2147483647;
			files = (
				4998AEE32463FF310009D973 /* dog.jpeg in Resources */,
				4998AEE22463FF310009D973 /* cat.jpeg in Resources */,
				4998AEE42463FF310009D973 /* bird.jpeg in Resources */,
				4998AED62463FBEA0009D973 /* LaunchScreen.storyboard in Resources */,
				4998AED32463FBEA0009D973 /* Assets.xcassets in Resources */,
				4998AED12463FBE80009D973 /* Main.storyboard in Resources */,
			);
			runOnlyForDeploymentPostprocessing = 0;
		};
/* End PBXResourcesBuildPhase section */

/* Begin PBXSourcesBuildPhase section */
		4998AEC22463FBE80009D973 /* Sources */ = {
			isa = PBXSourcesBuildPhase;
			buildActionMask = 2147483647;
			files = (
				4998AEDE2463FE290009D973 /* SecondViewController.swift in Sources */,
				4998AECE2463FBE80009D973 /* ViewController.swift in Sources */,
				4998AECA2463FBE80009D973 /* AppDelegate.swift in Sources */,
				4998AECC2463FBE80009D973 /* SceneDelegate.swift in Sources */,
			);
			runOnlyForDeploymentPostprocessing = 0;
		};
/* End PBXSourcesBuildPhase section */

/* Begin PBXVariantGroup section */
		4998AECF2463FBE80009D973 /* Main.storyboard */ = {
			isa = PBXVariantGroup;
			children = (
				4998AED02463FBE80009D973 /* Base */,
			);
			name = Main.storyboard;
			sourceTree = "<group>";
		};
		4998AED42463FBEA0009D973 /* LaunchScreen.storyboard */ = {
			isa = PBXVariantGroup;
			children = (
				4998AED52463FBEA0009D973 /* Base */,
			);
			name = LaunchScreen.storyboard;
			sourceTree = "<group>";
		};
/* End PBXVariantGroup section */

/* Begin XCBuildConfiguration section */
		4998AED82463FBEA0009D973 /* Debug */ = {
			isa = XCBuildConfiguration;
			buildSettings = {
				ALWAYS_SEARCH_USER_PATHS = NO;
				CLANG_ANALYZER_NONNULL = YES;
				CLANG_ANALYZER_NUMBER_OBJECT_CONVERSION = YES_AGGRESSIVE;
				CLANG_CXX_LANGUAGE_STANDARD = "gnu++14";
				CLANG_CXX_LIBRARY = "libc++";
				CLANG_ENABLE_MODULES = YES;
				CLANG_ENABLE_OBJC_ARC = YES;
				CLANG_ENABLE_OBJC_WEAK = YES;
				CLANG_WARN_BLOCK_CAPTURE_AUTORELEASING = YES;
				CLANG_WARN_BOOL_CONVERSION = YES;
				CLANG_WARN_COMMA = YES;
				CLANG_WARN_CONSTANT_CONVERSION = YES;
				CLANG_WARN_DEPRECATED_OBJC_IMPLEMENTATIONS = YES;
				CLANG_WARN_DIRECT_OBJC_ISA_USAGE = YES_ERROR;
				CLANG_WARN_DOCUMENTATION_COMMENTS = YES;
				CLANG_WARN_EMPTY_BODY = YES;
				CLANG_WARN_ENUM_CONVERSION = YES;
				CLANG_WARN_INFINITE_RECURSION = YES;
				CLANG_WARN_INT_CONVERSION = YES;
				CLANG_WARN_NON_LITERAL_NULL_CONVERSION = YES;
				CLANG_WARN_OBJC_IMPLICIT_RETAIN_SELF = YES;
				CLANG_WARN_OBJC_LITERAL_CONVERSION = YES;
				CLANG_WARN_OBJC_ROOT_CLASS = YES_ERROR;
				CLANG_WARN_RANGE_LOOP_ANALYSIS = YES;
				CLANG_WARN_STRICT_PROTOTYPES = YES;
				CLANG_WARN_SUSPICIOUS_MOVE = YES;
				CLANG_WARN_UNGUARDED_AVAILABILITY = YES_AGGRESSIVE;
				CLANG_WARN_UNREACHABLE_CODE = YES;
				CLANG_WARN__DUPLICATE_METHOD_MATCH = YES;
				COPY_PHASE_STRIP = NO;
				DEBUG_INFORMATION_FORMAT = dwarf;
				ENABLE_STRICT_OBJC_MSGSEND = YES;
				ENABLE_TESTABILITY = YES;
				GCC_C_LANGUAGE_STANDARD = gnu11;
				GCC_DYNAMIC_NO_PIC = NO;
				GCC_NO_COMMON_BLOCKS = YES;
				GCC_OPTIMIZATION_LEVEL = 0;
				GCC_PREPROCESSOR_DEFINITIONS = (
					"DEBUG=1",
					"$(inherited)",
				);
				GCC_WARN_64_TO_32_BIT_CONVERSION = YES;
				GCC_WARN_ABOUT_RETURN_TYPE = YES_ERROR;
				GCC_WARN_UNDECLARED_SELECTOR = YES;
				GCC_WARN_UNINITIALIZED_AUTOS = YES_AGGRESSIVE;
				GCC_WARN_UNUSED_FUNCTION = YES;
				GCC_WARN_UNUSED_VARIABLE = YES;
				IPHONEOS_DEPLOYMENT_TARGET = 13.4;
				MTL_ENABLE_DEBUG_INFO = INCLUDE_SOURCE;
				MTL_FAST_MATH = YES;
				ONLY_ACTIVE_ARCH = YES;
				SDKROOT = iphoneos;
				SWIFT_ACTIVE_COMPILATION_CONDITIONS = DEBUG;
				SWIFT_OPTIMIZATION_LEVEL = "-Onone";
			};
			name = Debug;
		};
		4998AED92463FBEA0009D973 /* Release */ = {
			isa = XCBuildConfiguration;
			buildSettings = {
				ALWAYS_SEARCH_USER_PATHS = NO;
				CLANG_ANALYZER_NONNULL = YES;
				CLANG_ANALYZER_NUMBER_OBJECT_CONVERSION = YES_AGGRESSIVE;
				CLANG_CXX_LANGUAGE_STANDARD = "gnu++14";
				CLANG_CXX_LIBRARY = "libc++";
				CLANG_ENABLE_MODULES = YES;
				CLANG_ENABLE_OBJC_ARC = YES;
				CLANG_ENABLE_OBJC_WEAK = YES;
				CLANG_WARN_BLOCK_CAPTURE_AUTORELEASING = YES;
				CLANG_WARN_BOOL_CONVERSION = YES;
				CLANG_WARN_COMMA = YES;
				CLANG_WARN_CONSTANT_CONVERSION = YES;
				CLANG_WARN_DEPRECATED_OBJC_IMPLEMENTATIONS = YES;
				CLANG_WARN_DIRECT_OBJC_ISA_USAGE = YES_ERROR;
				CLANG_WARN_DOCUMENTATION_COMMENTS = YES;
				CLANG_WARN_EMPTY_BODY = YES;
				CLANG_WARN_ENUM_CONVERSION = YES;
				CLANG_WARN_INFINITE_RECURSION = YES;
				CLANG_WARN_INT_CONVERSION = YES;
				CLANG_WARN_NON_LITERAL_NULL_CONVERSION = YES;
				CLANG_WARN_OBJC_IMPLICIT_RETAIN_SELF = YES;
				CLANG_WARN_OBJC_LITERAL_CONVERSION = YES;
				CLANG_WARN_OBJC_ROOT_CLASS = YES_ERROR;
				CLANG_WARN_RANGE_LOOP_ANALYSIS = YES;
				CLANG_WARN_STRICT_PROTOTYPES = YES;
				CLANG_WARN_SUSPICIOUS_MOVE = YES;
				CLANG_WARN_UNGUARDED_AVAILABILITY = YES_AGGRESSIVE;
				CLANG_WARN_UNREACHABLE_CODE = YES;
				CLANG_WARN__DUPLICATE_METHOD_MATCH = YES;
				COPY_PHASE_STRIP = NO;
				DEBUG_INFORMATION_FORMAT = "dwarf-with-dsym";
				ENABLE_NS_ASSERTIONS = NO;
				ENABLE_STRICT_OBJC_MSGSEND = YES;
				GCC_C_LANGUAGE_STANDARD = gnu11;
				GCC_NO_COMMON_BLOCKS = YES;
				GCC_WARN_64_TO_32_BIT_CONVERSION = YES;
				GCC_WARN_ABOUT_RETURN_TYPE = YES_ERROR;
				GCC_WARN_UNDECLARED_SELECTOR = YES;
				GCC_WARN_UNINITIALIZED_AUTOS = YES_AGGRESSIVE;
				GCC_WARN_UNUSED_FUNCTION = YES;
				GCC_WARN_UNUSED_VARIABLE = YES;
				IPHONEOS_DEPLOYMENT_TARGET = 13.4;
				MTL_ENABLE_DEBUG_INFO = NO;
				MTL_FAST_MATH = YES;
				SDKROOT = iphoneos;
				SWIFT_COMPILATION_MODE = wholemodule;
				SWIFT_OPTIMIZATION_LEVEL = "-O";
				VALIDATE_PRODUCT = YES;
			};
			name = Release;
		};
		4998AEDB2463FBEA0009D973 /* Debug */ = {
			isa = XCBuildConfiguration;
			buildSettings = {
				ASSETCATALOG_COMPILER_APPICON_NAME = AppIcon;
				CODE_SIGN_STYLE = Automatic;
				DEVELOPMENT_TEAM = 25WA95NQNW;
				INFOPLIST_FILE = segue/Info.plist;
				LD_RUNPATH_SEARCH_PATHS = (
					"$(inherited)",
					"@executable_path/Frameworks",
				);
				PRODUCT_BUNDLE_IDENTIFIER = com.segue;
				PRODUCT_NAME = "$(TARGET_NAME)";
				SWIFT_VERSION = 5.0;
				TARGETED_DEVICE_FAMILY = "1,2";
			};
			name = Debug;
		};
		4998AEDC2463FBEA0009D973 /* Release */ = {
			isa = XCBuildConfiguration;
			buildSettings = {
				ASSETCATALOG_COMPILER_APPICON_NAME = AppIcon;
				CODE_SIGN_STYLE = Automatic;
				DEVELOPMENT_TEAM = 25WA95NQNW;
				INFOPLIST_FILE = segue/Info.plist;
				LD_RUNPATH_SEARCH_PATHS = (
					"$(inherited)",
					"@executable_path/Frameworks",
				);
				PRODUCT_BUNDLE_IDENTIFIER = com.segue;
				PRODUCT_NAME = "$(TARGET_NAME)";
				SWIFT_VERSION = 5.0;
				TARGETED_DEVICE_FAMILY = "1,2";
			};
			name = Release;
		};
/* End XCBuildConfiguration section */

/* Begin XCConfigurationList section */
		4998AEC12463FBE80009D973 /* Build configuration list for PBXProject "segue" */ = {
			isa = XCConfigurationList;
			buildConfigurations = (
				4998AED82463FBEA0009D973 /* Debug */,
				4998AED92463FBEA0009D973 /* Release */,
			);
			defaultConfigurationIsVisible = 0;
			defaultConfigurationName = Release;
		};
		4998AEDA2463FBEA0009D973 /* Build configuration list for PBXNativeTarget "segue" */ = {
			isa = XCConfigurationList;
			buildConfigurations = (
				4998AEDB2463FBEA0009D973 /* Debug */,
				4998AEDC2463FBEA0009D973 /* Release */,
			);
			defaultConfigurationIsVisible = 0;
			defaultConfigurationName = Release;
		};
/* End XCConfigurationList section */
	};
	rootObject = 4998AEBE2463FBE80009D973 /* Project object */;
}
